github.com/golang-jwt/jwt/v5 v5.2.1 h1:OuVbFODueb089Lh128TAcimifWaLhJwVflnrgM17wHk=
github.com/golang-jwt/jwt/v5 v5.2.1/go.mod h1:pqrtFR0X4osieyHYxtmOUWsAWrfe1Q5UVIyoH402zdk=
github.com/oapi-codegen/runtime v1.1.2 h1:P2+CubHq8fO4Q6fV1tqDBZHCwpVpvPg7oKiYzQgXIyI=
github.com/oapi-codegen/runtime v1.1.2/go.mod h1:SK9X900oXmPWilYR5/WKPzt3Kqxn/uS/+lbpREv+eCg=
